
Microsoft Visual Studio Solution File, Format Version 12.00
# Visual Studio Version 16
VisualStudioVersion = 16.0.29318.209
MinimumVisualStudioVersion = 10.0.40219.1
Project("{9A19103F-16F7-4668-BE54-9A1E7A4F7556}") = "TDD.Demo", "TDD.Demo\TDD.Demo.csproj", "{346C37E8-7A8E-4698-A42A-CB92D1423D6F}"
EndProject
Project("{9A19103F-16F7-4668-BE54-9A1E7A4F7556}") = "TDD.Demo.UnitTests", "TDD.Demo.UnitTests\TDD.Demo.UnitTests.csproj", "{CC972ACE-28B7-4AA5-AB75-05F300CA5A3B}"
EndProject
Project("{9A19103F-16F7-4668-BE54-9A1E7A4F7556}") = "TDD.Demo.NUnitTests", "TDD.Demo.NUnitTests\TDD.Demo.NUnitTests.csproj", "{2100206A-E692-4C8C-9D4F-E84351AC0982}"
EndProject
Project("{9A19103F-16F7-4668-BE54-9A1E7A4F7556}") = "Dependency.UnitTest", "Dependency.UnitTest\Dependency.UnitTest.csproj", "{337F3A7D-D682-48D8-B756-E25550CDA9A2}"
EndProject
Project("{9A19103F-16F7-4668-BE54-9A1E7A4F7556}") = "TicTacToe.UnitTests", "TicTacToe.UnitTests\TicTacToe.UnitTests.csproj", "{6C063FFF-44CE-4DA7-8D89-F2A3252E8699}"
EndProject
Project("{9A19103F-16F7-4668-BE54-9A1E7A4F7556}") = "TicTacToe.Services", "TicTacToe.Services\TicTacToe.Services.csproj", "{AA95681E-949C-4E4C-8A3F-13858D39FB24}"
EndProject
Project("{2150E333-8FDC-42A3-9474-1A3956D46DE8}") = "Chapter5", "Chapter5", "{4996E732-EAAC-49D6-ABFD-DECCF3FECAAF}"
EndProject
Project("{9A19103F-16F7-4668-BE54-9A1E7A4F7556}") = "BusinessApplication.Core", "BusinessApplication.Core\BusinessApplication.Core.csproj", "{BDAF0F68-6BFC-45EA-8C12-E40861A9A8D1}"
EndProject
Project("{9A19103F-16F7-4668-BE54-9A1E7A4F7556}") = "BusinessApplication.UnitTests", "BusinessApplication.UnitTests\BusinessApplication.UnitTests.csproj", "{2E907F8C-57DD-44E4-9501-6469B8CF9D16}"
EndProject
Project("{2150E333-8FDC-42A3-9474-1A3956D46DE8}") = "Chapter7", "Chapter7", "{B1373FAA-99C4-4E24-9E2C-67E020F0479E}"
EndProject
Project("{FAE04EC0-301F-11D3-BF4B-00C04F79EFBC}") = "OSIM.UnitTests", "OSIM.UnitTests\OSIM.UnitTests.csproj", "{BBB350E8-7DBB-47B9-85BF-4DA3CC173C07}"
EndProject
Project("{FAE04EC0-301F-11D3-BF4B-00C04F79EFBC}") = "OSIM.Core", "OSIM.Core\OSIM.Core.csproj", "{FAA8432F-D3B2-46DE-9AE9-4B9CFCE46EFB}"
EndProject
Global
	GlobalSection(SolutionConfigurationPlatforms) = preSolution
		Debug|Any CPU = Debug|Any CPU
		Release|Any CPU = Release|Any CPU
	EndGlobalSection
	GlobalSection(ProjectConfigurationPlatforms) = postSolution
		{346C37E8-7A8E-4698-A42A-CB92D1423D6F}.Debug|Any CPU.ActiveCfg = Debug|Any CPU
		{346C37E8-7A8E-4698-A42A-CB92D1423D6F}.Debug|Any CPU.Build.0 = Debug|Any CPU
		{346C37E8-7A8E-4698-A42A-CB92D1423D6F}.Release|Any CPU.ActiveCfg = Release|Any CPU
		{346C37E8-7A8E-4698-A42A-CB92D1423D6F}.Release|Any CPU.Build.0 = Release|Any CPU
		{CC972ACE-28B7-4AA5-AB75-05F300CA5A3B}.Debug|Any CPU.ActiveCfg = Debug|Any CPU
		{CC972ACE-28B7-4AA5-AB75-05F300CA5A3B}.Debug|Any CPU.Build.0 = Debug|Any CPU
		{CC972ACE-28B7-4AA5-AB75-05F300CA5A3B}.Release|Any CPU.ActiveCfg = Release|Any CPU
		{CC972ACE-28B7-4AA5-AB75-05F300CA5A3B}.Release|Any CPU.Build.0 = Release|Any CPU
		{2100206A-E692-4C8C-9D4F-E84351AC0982}.Debug|Any CPU.ActiveCfg = Debug|Any CPU
		{2100206A-E692-4C8C-9D4F-E84351AC0982}.Debug|Any CPU.Build.0 = Debug|Any CPU
		{2100206A-E692-4C8C-9D4F-E84351AC0982}.Release|Any CPU.ActiveCfg = Release|Any CPU
		{2100206A-E692-4C8C-9D4F-E84351AC0982}.Release|Any CPU.Build.0 = Release|Any CPU
		{337F3A7D-D682-48D8-B756-E25550CDA9A2}.Debug|Any CPU.ActiveCfg = Debug|Any CPU
		{337F3A7D-D682-48D8-B756-E25550CDA9A2}.Debug|Any CPU.Build.0 = Debug|Any CPU
		{337F3A7D-D682-48D8-B756-E25550CDA9A2}.Release|Any CPU.ActiveCfg = Release|Any CPU
		{337F3A7D-D682-48D8-B756-E25550CDA9A2}.Release|Any CPU.Build.0 = Release|Any CPU
		{6C063FFF-44CE-4DA7-8D89-F2A3252E8699}.Debug|Any CPU.ActiveCfg = Debug|Any CPU
		{6C063FFF-44CE-4DA7-8D89-F2A3252E8699}.Debug|Any CPU.Build.0 = Debug|Any CPU
		{6C063FFF-44CE-4DA7-8D89-F2A3252E8699}.Release|Any CPU.ActiveCfg = Release|Any CPU
		{6C063FFF-44CE-4DA7-8D89-F2A3252E8699}.Release|Any CPU.Build.0 = Release|Any CPU
		{AA95681E-949C-4E4C-8A3F-13858D39FB24}.Debug|Any CPU.ActiveCfg = Debug|Any CPU
		{AA95681E-949C-4E4C-8A3F-13858D39FB24}.Debug|Any CPU.Build.0 = Debug|Any CPU
		{AA95681E-949C-4E4C-8A3F-13858D39FB24}.Release|Any CPU.ActiveCfg = Release|Any CPU
		{AA95681E-949C-4E4C-8A3F-13858D39FB24}.Release|Any CPU.Build.0 = Release|Any CPU
		{BDAF0F68-6BFC-45EA-8C12-E40861A9A8D1}.Debug|Any CPU.ActiveCfg = Debug|Any CPU
		{BDAF0F68-6BFC-45EA-8C12-E40861A9A8D1}.Debug|Any CPU.Build.0 = Debug|Any CPU
		{BDAF0F68-6BFC-45EA-8C12-E40861A9A8D1}.Release|Any CPU.ActiveCfg = Release|Any CPU
		{BDAF0F68-6BFC-45EA-8C12-E40861A9A8D1}.Release|Any CPU.Build.0 = Release|Any CPU
		{2E907F8C-57DD-44E4-9501-6469B8CF9D16}.Debug|Any CPU.ActiveCfg = Debug|Any CPU
		{2E907F8C-57DD-44E4-9501-6469B8CF9D16}.Debug|Any CPU.Build.0 = Debug|Any CPU
		{2E907F8C-57DD-44E4-9501-6469B8CF9D16}.Release|Any CPU.ActiveCfg = Release|Any CPU
		{2E907F8C-57DD-44E4-9501-6469B8CF9D16}.Release|Any CPU.Build.0 = Release|Any CPU
		{BBB350E8-7DBB-47B9-85BF-4DA3CC173C07}.Debug|Any CPU.ActiveCfg = Debug|Any CPU
		{BBB350E8-7DBB-47B9-85BF-4DA3CC173C07}.Debug|Any CPU.Build.0 = Debug|Any CPU
		{BBB350E8-7DBB-47B9-85BF-4DA3CC173C07}.Release|Any CPU.ActiveCfg = Release|Any CPU
		{BBB350E8-7DBB-47B9-85BF-4DA3CC173C07}.Release|Any CPU.Build.0 = Release|Any CPU
		{FAA8432F-D3B2-46DE-9AE9-4B9CFCE46EFB}.Debug|Any CPU.ActiveCfg = Debug|Any CPU
		{FAA8432F-D3B2-46DE-9AE9-4B9CFCE46EFB}.Debug|Any CPU.Build.0 = Debug|Any CPU
		{FAA8432F-D3B2-46DE-9AE9-4B9CFCE46EFB}.Release|Any CPU.ActiveCfg = Release|Any CPU
		{FAA8432F-D3B2-46DE-9AE9-4B9CFCE46EFB}.Release|Any CPU.Build.0 = Release|Any CPU
	EndGlobalSection
	GlobalSection(SolutionProperties) = preSolution
		HideSolutionNode = FALSE
	EndGlobalSection
	GlobalSection(NestedProjects) = preSolution
		{BDAF0F68-6BFC-45EA-8C12-E40861A9A8D1} = {4996E732-EAAC-49D6-ABFD-DECCF3FECAAF}
		{2E907F8C-57DD-44E4-9501-6469B8CF9D16} = {4996E732-EAAC-49D6-ABFD-DECCF3FECAAF}
		{BBB350E8-7DBB-47B9-85BF-4DA3CC173C07} = {B1373FAA-99C4-4E24-9E2C-67E020F0479E}
		{FAA8432F-D3B2-46DE-9AE9-4B9CFCE46EFB} = {B1373FAA-99C4-4E24-9E2C-67E020F0479E}
	EndGlobalSection
	GlobalSection(ExtensibilityGlobals) = postSolution
		SolutionGuid = {338E6D7C-0832-435B-B11E-6F80CE9739E4}
	EndGlobalSection
EndGlobal
